
Microsoft Visual Studio Solution File, Format Version 12.00
# Visual Studio Version 18
VisualStudioVersion = 18.0.11222.15 d18.0
MinimumVisualStudioVersion = 10.0.40219.1
Project("{2150E333-8FDC-42A3-9474-1A3956D46DE8}") = "src", "src", "{02EA681E-C7D8-13C7-8484-4AC65E1B71E8}"
EndProject
Project("{2150E333-8FDC-42A3-9474-1A3956D46DE8}") = "tests", "tests", "{BC719596-A48E-47F8-B7B8-0F501CFAFF01}"
EndProject
Project("{FAE04EC0-301F-11D3-BF4B-00C04F79EFBC}") = "Resources", "Resources\Resources.csproj", "{61585738-A726-2BEB-69E8-040F08657BC9}"
EndProject
Project("{FAE04EC0-301F-11D3-BF4B-00C04F79EFBC}") = "Tests.Common", "tests\Tests.Common\Tests.Common.csproj", "{7D691932-52C0-AB77-4078-DDA751C4288C}"
EndProject
Project("{FAE04EC0-301F-11D3-BF4B-00C04F79EFBC}") = "Tests.Unit", "tests\Tests.Unit\Tests.Unit.csproj", "{44C835EB-9518-81FE-AEDB-312B2931CAB7}"
EndProject
Project("{FAE04EC0-301F-11D3-BF4B-00C04F79EFBC}") = "Tests.Integration", "tests\Tests.Integration\Tests.Integration.csproj", "{50CD6731-E849-2313-F512-47AB883C1673}"
EndProject
Project("{2150E333-8FDC-42A3-9474-1A3956D46DE8}") = "Solution Items", "Solution Items", "{8EC462FD-D22E-90A8-E5CE-7E832BA40C5D}"
	ProjectSection(SolutionItems) = preProject
		.editorconfig = .editorconfig
	EndProjectSection
EndProject
Project("{FAE04EC0-301F-11D3-BF4B-00C04F79EFBC}") = "GlyphRenderer", "src\GlyphRenderer\GlyphRenderer.csproj", "{F6556743-7142-7B8C-1422-7D4C02E8FCA0}"
EndProject
Global
	GlobalSection(SolutionConfigurationPlatforms) = preSolution
		Debug|Any CPU = Debug|Any CPU
		Debug|x86 = Debug|x86
		Release|Any CPU = Release|Any CPU
		Release|x86 = Release|x86
	EndGlobalSection
	GlobalSection(ProjectConfigurationPlatforms) = postSolution
		{61585738-A726-2BEB-69E8-040F08657BC9}.Debug|Any CPU.ActiveCfg = Debug|Any CPU
		{61585738-A726-2BEB-69E8-040F08657BC9}.Debug|Any CPU.Build.0 = Debug|Any CPU
		{61585738-A726-2BEB-69E8-040F08657BC9}.Debug|x86.ActiveCfg = Debug|Any CPU
		{61585738-A726-2BEB-69E8-040F08657BC9}.Debug|x86.Build.0 = Debug|Any CPU
		{61585738-A726-2BEB-69E8-040F08657BC9}.Release|Any CPU.ActiveCfg = Release|Any CPU
		{61585738-A726-2BEB-69E8-040F08657BC9}.Release|Any CPU.Build.0 = Release|Any CPU
		{61585738-A726-2BEB-69E8-040F08657BC9}.Release|x86.ActiveCfg = Release|x86
		{61585738-A726-2BEB-69E8-040F08657BC9}.Release|x86.Build.0 = Release|x86
		{7D691932-52C0-AB77-4078-DDA751C4288C}.Debug|Any CPU.ActiveCfg = Debug|Any CPU
		{7D691932-52C0-AB77-4078-DDA751C4288C}.Debug|Any CPU.Build.0 = Debug|Any CPU
		{7D691932-52C0-AB77-4078-DDA751C4288C}.Debug|x86.ActiveCfg = Debug|Any CPU
		{7D691932-52C0-AB77-4078-DDA751C4288C}.Debug|x86.Build.0 = Debug|Any CPU
		{7D691932-52C0-AB77-4078-DDA751C4288C}.Release|Any CPU.ActiveCfg = Release|Any CPU
		{7D691932-52C0-AB77-4078-DDA751C4288C}.Release|Any CPU.Build.0 = Release|Any CPU
		{7D691932-52C0-AB77-4078-DDA751C4288C}.Release|x86.ActiveCfg = Release|x86
		{7D691932-52C0-AB77-4078-DDA751C4288C}.Release|x86.Build.0 = Release|x86
		{44C835EB-9518-81FE-AEDB-312B2931CAB7}.Debug|Any CPU.ActiveCfg = Debug|Any CPU
		{44C835EB-9518-81FE-AEDB-312B2931CAB7}.Debug|Any CPU.Build.0 = Debug|Any CPU
		{44C835EB-9518-81FE-AEDB-312B2931CAB7}.Debug|x86.ActiveCfg = Debug|Any CPU
		{44C835EB-9518-81FE-AEDB-312B2931CAB7}.Debug|x86.Build.0 = Debug|Any CPU
		{44C835EB-9518-81FE-AEDB-312B2931CAB7}.Release|Any CPU.ActiveCfg = Release|Any CPU
		{44C835EB-9518-81FE-AEDB-312B2931CAB7}.Release|Any CPU.Build.0 = Release|Any CPU
		{44C835EB-9518-81FE-AEDB-312B2931CAB7}.Release|x86.ActiveCfg = Release|x86
		{44C835EB-9518-81FE-AEDB-312B2931CAB7}.Release|x86.Build.0 = Release|x86
		{50CD6731-E849-2313-F512-47AB883C1673}.Debug|Any CPU.ActiveCfg = Debug|Any CPU
		{50CD6731-E849-2313-F512-47AB883C1673}.Debug|Any CPU.Build.0 = Debug|Any CPU
		{50CD6731-E849-2313-F512-47AB883C1673}.Debug|x86.ActiveCfg = Debug|Any CPU
		{50CD6731-E849-2313-F512-47AB883C1673}.Debug|x86.Build.0 = Debug|Any CPU
		{50CD6731-E849-2313-F512-47AB883C1673}.Release|Any CPU.ActiveCfg = Release|Any CPU
		{50CD6731-E849-2313-F512-47AB883C1673}.Release|Any CPU.Build.0 = Release|Any CPU
		{50CD6731-E849-2313-F512-47AB883C1673}.Release|x86.ActiveCfg = Release|x86
		{50CD6731-E849-2313-F512-47AB883C1673}.Release|x86.Build.0 = Release|x86
		{F6556743-7142-7B8C-1422-7D4C02E8FCA0}.Debug|Any CPU.ActiveCfg = Debug|Any CPU
		{F6556743-7142-7B8C-1422-7D4C02E8FCA0}.Debug|Any CPU.Build.0 = Debug|Any CPU
		{F6556743-7142-7B8C-1422-7D4C02E8FCA0}.Debug|x86.ActiveCfg = Debug|x86
		{F6556743-7142-7B8C-1422-7D4C02E8FCA0}.Debug|x86.Build.0 = Debug|x86
		{F6556743-7142-7B8C-1422-7D4C02E8FCA0}.Release|Any CPU.ActiveCfg = Release|Any CPU
		{F6556743-7142-7B8C-1422-7D4C02E8FCA0}.Release|Any CPU.Build.0 = Release|Any CPU
		{F6556743-7142-7B8C-1422-7D4C02E8FCA0}.Release|x86.ActiveCfg = Release|x86
		{F6556743-7142-7B8C-1422-7D4C02E8FCA0}.Release|x86.Build.0 = Release|x86
	EndGlobalSection
	GlobalSection(SolutionProperties) = preSolution
		HideSolutionNode = FALSE
	EndGlobalSection
	GlobalSection(NestedProjects) = preSolution
		{7D691932-52C0-AB77-4078-DDA751C4288C} = {BC719596-A48E-47F8-B7B8-0F501CFAFF01}
		{44C835EB-9518-81FE-AEDB-312B2931CAB7} = {BC719596-A48E-47F8-B7B8-0F501CFAFF01}
		{50CD6731-E849-2313-F512-47AB883C1673} = {BC719596-A48E-47F8-B7B8-0F501CFAFF01}
		{F6556743-7142-7B8C-1422-7D4C02E8FCA0} = {02EA681E-C7D8-13C7-8484-4AC65E1B71E8}
	EndGlobalSection
	GlobalSection(ExtensibilityGlobals) = postSolution
		SolutionGuid = {BA6F7316-DFCB-4163-B9C1-D0C40D981666}
	EndGlobalSection
EndGlobal
